{
    "_readme": ["scanX fixture lock file with known-vulnerable versions"],
    "content-hash": "00000000000000000000000000000000",
    "packages": [
        {
            "name": "guzzlehttp/guzzle",
            "version": "7.4.0",
            "source": {"type": "git", "url": "https://github.com/guzzle/guzzle.git", "reference": "868b3571a039f0ebc11ac8f344f4080babe2cb94"},
            "type": "library"
        },
        {
            "name": "guzzlehttp/psr7",
            "version": "1.8.1",
            "source": {"type": "git", "url": "https://github.com/guzzle/psr7.git", "reference": "35ea11d335fd638b5882ff1725228b3d35496ab1"},
            "type": "library"
        }
    ],
    "packages-dev": [],
    "aliases": [],
    "minimum-stability": "stable",
    "prefer-stable": false,
    "platform": [],
    "platform-dev": [],
    "plugin-api-version": "2.3.0"
}
